
Microsoft Visual Studio Solution File, Format Version 12.00
# Visual Studio Version 17
VisualStudioVersion = 17.8.34525.116
MinimumVisualStudioVersion = 10.0.40219.1
Project("{FAE04EC0-301F-11D3-BF4B-00C04F79EFBC}") = "Palidrome", "Palidrome\Palidrome.csproj", "{672A08FB-B2C7-4CD0-8372-5FE8EE188BAD}"
EndProject
Global
	GlobalSection(SolutionConfigurationPlatforms) = preSolution
		Debug|Any CPU = Debug|Any CPU
		Release|Any CPU = Release|Any CPU
	EndGlobalSection
	GlobalSection(ProjectConfigurationPlatforms) = postSolution
		{672A08FB-B2C7-4CD0-8372-5FE8EE188BAD}.Debug|Any CPU.ActiveCfg = Debug|Any CPU
		{672A08FB-B2C7-4CD0-8372-5FE8EE188BAD}.Debug|Any CPU.Build.0 = Debug|Any CPU
		{672A08FB-B2C7-4CD0-8372-5FE8EE188BAD}.Release|Any CPU.ActiveCfg = Release|Any CPU
		{672A08FB-B2C7-4CD0-8372-5FE8EE188BAD}.Release|Any CPU.Build.0 = Release|Any CPU
	EndGlobalSection
	GlobalSection(SolutionProperties) = preSolution
		HideSolutionNode = FALSE
	EndGlobalSection
	GlobalSection(ExtensibilityGlobals) = postSolution
		SolutionGuid = {D8347575-77BC-48A8-B419-4F47C4F443E2}
	EndGlobalSection
EndGlobal
