
Microsoft Visual Studio Solution File, Format Version 12.00
# Visual Studio Version 17
VisualStudioVersion = 17.8.34525.116
MinimumVisualStudioVersion = 10.0.40219.1
Project("{FAE04EC0-301F-11D3-BF4B-00C04F79EFBC}") = "PrimeNumber", "PrimeNumber\PrimeNumber.csproj", "{D5ECF97B-2DFC-4902-A502-A08D06F71DB6}"
EndProject
Global
	GlobalSection(SolutionConfigurationPlatforms) = preSolution
		Debug|Any CPU = Debug|Any CPU
		Release|Any CPU = Release|Any CPU
	EndGlobalSection
	GlobalSection(ProjectConfigurationPlatforms) = postSolution
		{D5ECF97B-2DFC-4902-A502-A08D06F71DB6}.Debug|Any CPU.ActiveCfg = Debug|Any CPU
		{D5ECF97B-2DFC-4902-A502-A08D06F71DB6}.Debug|Any CPU.Build.0 = Debug|Any CPU
		{D5ECF97B-2DFC-4902-A502-A08D06F71DB6}.Release|Any CPU.ActiveCfg = Release|Any CPU
		{D5ECF97B-2DFC-4902-A502-A08D06F71DB6}.Release|Any CPU.Build.0 = Release|Any CPU
	EndGlobalSection
	GlobalSection(SolutionProperties) = preSolution
		HideSolutionNode = FALSE
	EndGlobalSection
	GlobalSection(ExtensibilityGlobals) = postSolution
		SolutionGuid = {CB946DAF-0F9F-43E5-BF85-A4B1DDB07BDF}
	EndGlobalSection
EndGlobal
